
Microsoft Visual Studio Solution File, Format Version 12.00
# Visual Studio Version 17
VisualStudioVersion = 17.4.33110.190
MinimumVisualStudioVersion = 10.0.40219.1
Project("{9A19103F-16F7-4668-BE54-9A1E7A4F7556}") = "RabbitHelloWorld.API", "Rabbit.API\RabbitHelloWorld.API.csproj", "{36E3B939-3DF9-490C-9CC8-8A6BA281F759}"
EndProject
Project("{9A19103F-16F7-4668-BE54-9A1E7A4F7556}") = "RabbitHelloWorld.Console", "Rabbit.Console\RabbitHelloWorld.Console.csproj", "{C5106985-C2A4-47ED-902A-9FE4BB3B8BA4}"
EndProject
Project("{2150E333-8FDC-42A3-9474-1A3956D46DE8}") = "HelloWorld", "HelloWorld", "{46510B4D-29A6-44D3-90B4-0F63A53F5CC5}"
EndProject
Project("{2150E333-8FDC-42A3-9474-1A3956D46DE8}") = "WorkQueues", "WorkQueues", "{B973E891-C81D-43F0-81BE-4A6B059DCDB5}"
EndProject
Project("{9A19103F-16F7-4668-BE54-9A1E7A4F7556}") = "Sender", "Sender\Sender.csproj", "{31AFCDE4-24D3-46EB-A4C7-3CC2AA27BC8F}"
EndProject
Project("{9A19103F-16F7-4668-BE54-9A1E7A4F7556}") = "Reciever", "Reciever\Reciever.csproj", "{EC9FE9A8-F9D6-43C7-8C21-8137A5237CDD}"
EndProject
Project("{2150E333-8FDC-42A3-9474-1A3956D46DE8}") = "PublishSubscribe", "PublishSubscribe", "{DFA9B907-938D-40C2-B471-EB3BAC973BEA}"
EndProject
Project("{9A19103F-16F7-4668-BE54-9A1E7A4F7556}") = "LogSender", "LogSender\LogSender.csproj", "{09370FB8-7A38-4FB0-A3C6-90BC40E5C738}"
EndProject
Project("{9A19103F-16F7-4668-BE54-9A1E7A4F7556}") = "LogReceiver", "LogReceiver\LogReceiver.csproj", "{2E8F924D-C36B-4B08-8E28-62A9892E9EB9}"
EndProject
Project("{2150E333-8FDC-42A3-9474-1A3956D46DE8}") = "Routing", "Routing", "{106F6EB0-C26E-4C0E-9655-1CC6CB2C23DC}"
EndProject
Project("{9A19103F-16F7-4668-BE54-9A1E7A4F7556}") = "RoutingSender", "RoutingSender\RoutingSender.csproj", "{54D32FF4-DC84-45A0-B9D1-FB667821F8B9}"
EndProject
Project("{9A19103F-16F7-4668-BE54-9A1E7A4F7556}") = "RoutingReceiver", "RoutingReceiver\RoutingReceiver.csproj", "{BC13B9CE-FCFA-484E-8EE7-070323311C67}"
EndProject
Project("{2150E333-8FDC-42A3-9474-1A3956D46DE8}") = "Topics", "Topics", "{199F66B9-8860-46AA-9362-AD7D00207682}"
EndProject
Project("{9A19103F-16F7-4668-BE54-9A1E7A4F7556}") = "TopicsSender", "TopicsSender\TopicsSender.csproj", "{5EE112A2-A055-4572-A9B5-C7AD3B054D92}"
EndProject
Project("{9A19103F-16F7-4668-BE54-9A1E7A4F7556}") = "TopicsReciever", "TopicsReciever\TopicsReciever.csproj", "{A827FF83-EAA3-4475-9099-61C521E9A988}"
EndProject
Project("{2150E333-8FDC-42A3-9474-1A3956D46DE8}") = "RPC", "RPC", "{097CDF47-FB30-43BB-B813-2B29E89DC0A3}"
EndProject
Project("{FAE04EC0-301F-11D3-BF4B-00C04F79EFBC}") = "RpcClient", "RpcClient\RpcClient.csproj", "{356C9DF8-EEBF-4674-BB60-801EFD071617}"
EndProject
Project("{FAE04EC0-301F-11D3-BF4B-00C04F79EFBC}") = "RpcServer", "RpcServer\RpcServer.csproj", "{296B3353-5E91-4C24-A432-E07E42DF36ED}"
EndProject
Project("{2150E333-8FDC-42A3-9474-1A3956D46DE8}") = "PublisherConfirms", "PublisherConfirms", "{07AE484E-B249-4CCE-A7F9-1BD4AE224417}"
EndProject
Project("{FAE04EC0-301F-11D3-BF4B-00C04F79EFBC}") = "PublisherConfirms", "PublisherConfirms\PublisherConfirms.csproj", "{D99D20DE-CCD7-449A-81BE-01F24BA3441F}"
EndProject
Global
	GlobalSection(SolutionConfigurationPlatforms) = preSolution
		Debug|Any CPU = Debug|Any CPU
		Release|Any CPU = Release|Any CPU
	EndGlobalSection
	GlobalSection(ProjectConfigurationPlatforms) = postSolution
		{36E3B939-3DF9-490C-9CC8-8A6BA281F759}.Debug|Any CPU.ActiveCfg = Debug|Any CPU
		{36E3B939-3DF9-490C-9CC8-8A6BA281F759}.Debug|Any CPU.Build.0 = Debug|Any CPU
		{36E3B939-3DF9-490C-9CC8-8A6BA281F759}.Release|Any CPU.ActiveCfg = Release|Any CPU
		{36E3B939-3DF9-490C-9CC8-8A6BA281F759}.Release|Any CPU.Build.0 = Release|Any CPU
		{C5106985-C2A4-47ED-902A-9FE4BB3B8BA4}.Debug|Any CPU.ActiveCfg = Debug|Any CPU
		{C5106985-C2A4-47ED-902A-9FE4BB3B8BA4}.Debug|Any CPU.Build.0 = Debug|Any CPU
		{C5106985-C2A4-47ED-902A-9FE4BB3B8BA4}.Release|Any CPU.ActiveCfg = Release|Any CPU
		{C5106985-C2A4-47ED-902A-9FE4BB3B8BA4}.Release|Any CPU.Build.0 = Release|Any CPU
		{31AFCDE4-24D3-46EB-A4C7-3CC2AA27BC8F}.Debug|Any CPU.ActiveCfg = Debug|Any CPU
		{31AFCDE4-24D3-46EB-A4C7-3CC2AA27BC8F}.Debug|Any CPU.Build.0 = Debug|Any CPU
		{31AFCDE4-24D3-46EB-A4C7-3CC2AA27BC8F}.Release|Any CPU.ActiveCfg = Release|Any CPU
		{31AFCDE4-24D3-46EB-A4C7-3CC2AA27BC8F}.Release|Any CPU.Build.0 = Release|Any CPU
		{EC9FE9A8-F9D6-43C7-8C21-8137A5237CDD}.Debug|Any CPU.ActiveCfg = Debug|Any CPU
		{EC9FE9A8-F9D6-43C7-8C21-8137A5237CDD}.Debug|Any CPU.Build.0 = Debug|Any CPU
		{EC9FE9A8-F9D6-43C7-8C21-8137A5237CDD}.Release|Any CPU.ActiveCfg = Release|Any CPU
		{EC9FE9A8-F9D6-43C7-8C21-8137A5237CDD}.Release|Any CPU.Build.0 = Release|Any CPU
		{09370FB8-7A38-4FB0-A3C6-90BC40E5C738}.Debug|Any CPU.ActiveCfg = Debug|Any CPU
		{09370FB8-7A38-4FB0-A3C6-90BC40E5C738}.Debug|Any CPU.Build.0 = Debug|Any CPU
		{09370FB8-7A38-4FB0-A3C6-90BC40E5C738}.Release|Any CPU.ActiveCfg = Release|Any CPU
		{09370FB8-7A38-4FB0-A3C6-90BC40E5C738}.Release|Any CPU.Build.0 = Release|Any CPU
		{2E8F924D-C36B-4B08-8E28-62A9892E9EB9}.Debug|Any CPU.ActiveCfg = Debug|Any CPU
		{2E8F924D-C36B-4B08-8E28-62A9892E9EB9}.Debug|Any CPU.Build.0 = Debug|Any CPU
		{2E8F924D-C36B-4B08-8E28-62A9892E9EB9}.Release|Any CPU.ActiveCfg = Release|Any CPU
		{2E8F924D-C36B-4B08-8E28-62A9892E9EB9}.Release|Any CPU.Build.0 = Release|Any CPU
		{54D32FF4-DC84-45A0-B9D1-FB667821F8B9}.Debug|Any CPU.ActiveCfg = Debug|Any CPU
		{54D32FF4-DC84-45A0-B9D1-FB667821F8B9}.Debug|Any CPU.Build.0 = Debug|Any CPU
		{54D32FF4-DC84-45A0-B9D1-FB667821F8B9}.Release|Any CPU.ActiveCfg = Release|Any CPU
		{54D32FF4-DC84-45A0-B9D1-FB667821F8B9}.Release|Any CPU.Build.0 = Release|Any CPU
		{BC13B9CE-FCFA-484E-8EE7-070323311C67}.Debug|Any CPU.ActiveCfg = Debug|Any CPU
		{BC13B9CE-FCFA-484E-8EE7-070323311C67}.Debug|Any CPU.Build.0 = Debug|Any CPU
		{BC13B9CE-FCFA-484E-8EE7-070323311C67}.Release|Any CPU.ActiveCfg = Release|Any CPU
		{BC13B9CE-FCFA-484E-8EE7-070323311C67}.Release|Any CPU.Build.0 = Release|Any CPU
		{5EE112A2-A055-4572-A9B5-C7AD3B054D92}.Debug|Any CPU.ActiveCfg = Debug|Any CPU
		{5EE112A2-A055-4572-A9B5-C7AD3B054D92}.Debug|Any CPU.Build.0 = Debug|Any CPU
		{5EE112A2-A055-4572-A9B5-C7AD3B054D92}.Release|Any CPU.ActiveCfg = Release|Any CPU
		{5EE112A2-A055-4572-A9B5-C7AD3B054D92}.Release|Any CPU.Build.0 = Release|Any CPU
		{A827FF83-EAA3-4475-9099-61C521E9A988}.Debug|Any CPU.ActiveCfg = Debug|Any CPU
		{A827FF83-EAA3-4475-9099-61C521E9A988}.Debug|Any CPU.Build.0 = Debug|Any CPU
		{A827FF83-EAA3-4475-9099-61C521E9A988}.Release|Any CPU.ActiveCfg = Release|Any CPU
		{A827FF83-EAA3-4475-9099-61C521E9A988}.Release|Any CPU.Build.0 = Release|Any CPU
		{356C9DF8-EEBF-4674-BB60-801EFD071617}.Debug|Any CPU.ActiveCfg = Debug|Any CPU
		{356C9DF8-EEBF-4674-BB60-801EFD071617}.Debug|Any CPU.Build.0 = Debug|Any CPU
		{356C9DF8-EEBF-4674-BB60-801EFD071617}.Release|Any CPU.ActiveCfg = Release|Any CPU
		{356C9DF8-EEBF-4674-BB60-801EFD071617}.Release|Any CPU.Build.0 = Release|Any CPU
		{296B3353-5E91-4C24-A432-E07E42DF36ED}.Debug|Any CPU.ActiveCfg = Debug|Any CPU
		{296B3353-5E91-4C24-A432-E07E42DF36ED}.Debug|Any CPU.Build.0 = Debug|Any CPU
		{296B3353-5E91-4C24-A432-E07E42DF36ED}.Release|Any CPU.ActiveCfg = Release|Any CPU
		{296B3353-5E91-4C24-A432-E07E42DF36ED}.Release|Any CPU.Build.0 = Release|Any CPU
		{D99D20DE-CCD7-449A-81BE-01F24BA3441F}.Debug|Any CPU.ActiveCfg = Debug|Any CPU
		{D99D20DE-CCD7-449A-81BE-01F24BA3441F}.Debug|Any CPU.Build.0 = Debug|Any CPU
		{D99D20DE-CCD7-449A-81BE-01F24BA3441F}.Release|Any CPU.ActiveCfg = Release|Any CPU
		{D99D20DE-CCD7-449A-81BE-01F24BA3441F}.Release|Any CPU.Build.0 = Release|Any CPU
	EndGlobalSection
	GlobalSection(SolutionProperties) = preSolution
		HideSolutionNode = FALSE
	EndGlobalSection
	GlobalSection(NestedProjects) = preSolution
		{36E3B939-3DF9-490C-9CC8-8A6BA281F759} = {46510B4D-29A6-44D3-90B4-0F63A53F5CC5}
		{C5106985-C2A4-47ED-902A-9FE4BB3B8BA4} = {46510B4D-29A6-44D3-90B4-0F63A53F5CC5}
		{31AFCDE4-24D3-46EB-A4C7-3CC2AA27BC8F} = {B973E891-C81D-43F0-81BE-4A6B059DCDB5}
		{EC9FE9A8-F9D6-43C7-8C21-8137A5237CDD} = {B973E891-C81D-43F0-81BE-4A6B059DCDB5}
		{09370FB8-7A38-4FB0-A3C6-90BC40E5C738} = {DFA9B907-938D-40C2-B471-EB3BAC973BEA}
		{2E8F924D-C36B-4B08-8E28-62A9892E9EB9} = {DFA9B907-938D-40C2-B471-EB3BAC973BEA}
		{54D32FF4-DC84-45A0-B9D1-FB667821F8B9} = {106F6EB0-C26E-4C0E-9655-1CC6CB2C23DC}
		{BC13B9CE-FCFA-484E-8EE7-070323311C67} = {106F6EB0-C26E-4C0E-9655-1CC6CB2C23DC}
		{5EE112A2-A055-4572-A9B5-C7AD3B054D92} = {199F66B9-8860-46AA-9362-AD7D00207682}
		{A827FF83-EAA3-4475-9099-61C521E9A988} = {199F66B9-8860-46AA-9362-AD7D00207682}
		{356C9DF8-EEBF-4674-BB60-801EFD071617} = {097CDF47-FB30-43BB-B813-2B29E89DC0A3}
		{296B3353-5E91-4C24-A432-E07E42DF36ED} = {097CDF47-FB30-43BB-B813-2B29E89DC0A3}
		{D99D20DE-CCD7-449A-81BE-01F24BA3441F} = {07AE484E-B249-4CCE-A7F9-1BD4AE224417}
	EndGlobalSection
	GlobalSection(ExtensibilityGlobals) = postSolution
		SolutionGuid = {FEAF3A0E-F833-4014-9B0E-A6CA33EAB52A}
	EndGlobalSection
EndGlobal
